
Microsoft Visual Studio Solution File, Format Version 12.00
# Visual Studio Version 17
VisualStudioVersion = 17.0.32014.148
MinimumVisualStudioVersion = 10.0.40219.1
Project("{FAE04EC0-301F-11D3-BF4B-00C04F79EFBC}") = "5 - Estructura de programación secuencial", "5 - Estructura de programación secuencial\5 - Estructura de programación secuencial.csproj", "{31F21ADA-1D21-4F54-88A7-AE7089EE856D}"
EndProject
Global
	GlobalSection(SolutionConfigurationPlatforms) = preSolution
		Debug|Any CPU = Debug|Any CPU
		Release|Any CPU = Release|Any CPU
	EndGlobalSection
	GlobalSection(ProjectConfigurationPlatforms) = postSolution
		{31F21ADA-1D21-4F54-88A7-AE7089EE856D}.Debug|Any CPU.ActiveCfg = Debug|Any CPU
		{31F21ADA-1D21-4F54-88A7-AE7089EE856D}.Debug|Any CPU.Build.0 = Debug|Any CPU
		{31F21ADA-1D21-4F54-88A7-AE7089EE856D}.Release|Any CPU.ActiveCfg = Release|Any CPU
		{31F21ADA-1D21-4F54-88A7-AE7089EE856D}.Release|Any CPU.Build.0 = Release|Any CPU
	EndGlobalSection
	GlobalSection(SolutionProperties) = preSolution
		HideSolutionNode = FALSE
	EndGlobalSection
	GlobalSection(ExtensibilityGlobals) = postSolution
		SolutionGuid = {7C181657-267A-404A-9D8C-9B108CEC5090}
	EndGlobalSection
EndGlobal
