
Microsoft Visual Studio Solution File, Format Version 12.00
# Visual Studio Version 17
VisualStudioVersion = 17.1.32210.238
MinimumVisualStudioVersion = 10.0.40219.1
Project("{FAE04EC0-301F-11D3-BF4B-00C04F79EFBC}") = "8 - Condiciones compuestas con operadores logicos - 001", "8 - Condiciones compuestas con operadores logicos - 001\8 - Condiciones compuestas con operadores logicos - 001.csproj", "{C2D20DD3-F995-4007-8BA7-E1D0ACC4D057}"
EndProject
Global
	GlobalSection(SolutionConfigurationPlatforms) = preSolution
		Debug|Any CPU = Debug|Any CPU
		Release|Any CPU = Release|Any CPU
	EndGlobalSection
	GlobalSection(ProjectConfigurationPlatforms) = postSolution
		{C2D20DD3-F995-4007-8BA7-E1D0ACC4D057}.Debug|Any CPU.ActiveCfg = Debug|Any CPU
		{C2D20DD3-F995-4007-8BA7-E1D0ACC4D057}.Debug|Any CPU.Build.0 = Debug|Any CPU
		{C2D20DD3-F995-4007-8BA7-E1D0ACC4D057}.Release|Any CPU.ActiveCfg = Release|Any CPU
		{C2D20DD3-F995-4007-8BA7-E1D0ACC4D057}.Release|Any CPU.Build.0 = Release|Any CPU
	EndGlobalSection
	GlobalSection(SolutionProperties) = preSolution
		HideSolutionNode = FALSE
	EndGlobalSection
	GlobalSection(ExtensibilityGlobals) = postSolution
		SolutionGuid = {18FC6712-E21F-4611-958E-36CD84DD0BB8}
	EndGlobalSection
EndGlobal
