
Microsoft Visual Studio Solution File, Format Version 12.00
# Visual Studio Version 17
VisualStudioVersion = 17.1.32319.34
MinimumVisualStudioVersion = 10.0.40219.1
Project("{FAE04EC0-301F-11D3-BF4B-00C04F79EFBC}") = "11 - Estructura repetitiva do while p1 e1", "11 - Estructura repetitiva do while p1 e1\11 - Estructura repetitiva do while p1 e1.csproj", "{80D0F079-3F56-4A47-93DC-FBA55ACDCFF1}"
EndProject
Global
	GlobalSection(SolutionConfigurationPlatforms) = preSolution
		Debug|Any CPU = Debug|Any CPU
		Release|Any CPU = Release|Any CPU
	EndGlobalSection
	GlobalSection(ProjectConfigurationPlatforms) = postSolution
		{80D0F079-3F56-4A47-93DC-FBA55ACDCFF1}.Debug|Any CPU.ActiveCfg = Debug|Any CPU
		{80D0F079-3F56-4A47-93DC-FBA55ACDCFF1}.Debug|Any CPU.Build.0 = Debug|Any CPU
		{80D0F079-3F56-4A47-93DC-FBA55ACDCFF1}.Release|Any CPU.ActiveCfg = Release|Any CPU
		{80D0F079-3F56-4A47-93DC-FBA55ACDCFF1}.Release|Any CPU.Build.0 = Release|Any CPU
	EndGlobalSection
	GlobalSection(SolutionProperties) = preSolution
		HideSolutionNode = FALSE
	EndGlobalSection
	GlobalSection(ExtensibilityGlobals) = postSolution
		SolutionGuid = {37B1978A-5F32-4E82-9B52-5824643C6E62}
	EndGlobalSection
EndGlobal
