
Microsoft Visual Studio Solution File, Format Version 12.00
# Visual Studio Version 17
VisualStudioVersion = 17.0.32014.148
MinimumVisualStudioVersion = 10.0.40219.1
Project("{F184B08F-C81C-45F6-A57F-5ABD9991F28F}") = "7 Estructuras condicionales anidadas - 01", "7 Estructuras condicionales anidadas - 01\7 Estructuras condicionales anidadas - 01.vbproj", "{F2500CE0-5A35-48FC-8338-4AA30D7710F7}"
EndProject
Global
	GlobalSection(SolutionConfigurationPlatforms) = preSolution
		Debug|Any CPU = Debug|Any CPU
		Release|Any CPU = Release|Any CPU
	EndGlobalSection
	GlobalSection(ProjectConfigurationPlatforms) = postSolution
		{F2500CE0-5A35-48FC-8338-4AA30D7710F7}.Debug|Any CPU.ActiveCfg = Debug|Any CPU
		{F2500CE0-5A35-48FC-8338-4AA30D7710F7}.Debug|Any CPU.Build.0 = Debug|Any CPU
		{F2500CE0-5A35-48FC-8338-4AA30D7710F7}.Release|Any CPU.ActiveCfg = Release|Any CPU
		{F2500CE0-5A35-48FC-8338-4AA30D7710F7}.Release|Any CPU.Build.0 = Release|Any CPU
	EndGlobalSection
	GlobalSection(SolutionProperties) = preSolution
		HideSolutionNode = FALSE
	EndGlobalSection
	GlobalSection(ExtensibilityGlobals) = postSolution
		SolutionGuid = {EFB06EEB-10DE-47B3-AA06-5740EEA33502}
	EndGlobalSection
EndGlobal
