
Microsoft Visual Studio Solution File, Format Version 12.00
# Visual Studio Version 17
VisualStudioVersion = 17.0.32014.148
MinimumVisualStudioVersion = 10.0.40219.1
Project("{F184B08F-C81C-45F6-A57F-5ABD9991F28F}") = "005 Estructura de programación secuencial", "005 Estructura de programación secuencial\005 Estructura de programación secuencial.vbproj", "{81D313F5-8247-4E51-BEC0-509EE5E4960D}"
EndProject
Global
	GlobalSection(SolutionConfigurationPlatforms) = preSolution
		Debug|Any CPU = Debug|Any CPU
		Release|Any CPU = Release|Any CPU
	EndGlobalSection
	GlobalSection(ProjectConfigurationPlatforms) = postSolution
		{81D313F5-8247-4E51-BEC0-509EE5E4960D}.Debug|Any CPU.ActiveCfg = Debug|Any CPU
		{81D313F5-8247-4E51-BEC0-509EE5E4960D}.Debug|Any CPU.Build.0 = Debug|Any CPU
		{81D313F5-8247-4E51-BEC0-509EE5E4960D}.Release|Any CPU.ActiveCfg = Release|Any CPU
		{81D313F5-8247-4E51-BEC0-509EE5E4960D}.Release|Any CPU.Build.0 = Release|Any CPU
	EndGlobalSection
	GlobalSection(SolutionProperties) = preSolution
		HideSolutionNode = FALSE
	EndGlobalSection
	GlobalSection(ExtensibilityGlobals) = postSolution
		SolutionGuid = {CA7AB493-F462-453E-8BCD-40A4CD49773B}
	EndGlobalSection
EndGlobal
