
Microsoft Visual Studio Solution File, Format Version 12.00
# Visual Studio Version 17
VisualStudioVersion = 17.1.32210.238
MinimumVisualStudioVersion = 10.0.40219.1
Project("{FAE04EC0-301F-11D3-BF4B-00C04F79EFBC}") = "07 Curso C Sharp - Practicando con un ejemplo", "07 Curso C Sharp - Practicando con un ejemplo\07 Curso C Sharp - Practicando con un ejemplo.csproj", "{A88DB04F-9843-4B65-A403-35788B7C0891}"
EndProject
Global
	GlobalSection(SolutionConfigurationPlatforms) = preSolution
		Debug|Any CPU = Debug|Any CPU
		Release|Any CPU = Release|Any CPU
	EndGlobalSection
	GlobalSection(ProjectConfigurationPlatforms) = postSolution
		{A88DB04F-9843-4B65-A403-35788B7C0891}.Debug|Any CPU.ActiveCfg = Debug|Any CPU
		{A88DB04F-9843-4B65-A403-35788B7C0891}.Debug|Any CPU.Build.0 = Debug|Any CPU
		{A88DB04F-9843-4B65-A403-35788B7C0891}.Release|Any CPU.ActiveCfg = Release|Any CPU
		{A88DB04F-9843-4B65-A403-35788B7C0891}.Release|Any CPU.Build.0 = Release|Any CPU
	EndGlobalSection
	GlobalSection(SolutionProperties) = preSolution
		HideSolutionNode = FALSE
	EndGlobalSection
	GlobalSection(ExtensibilityGlobals) = postSolution
		SolutionGuid = {1B49B7D6-B836-46B5-A128-F4A7E030C13B}
	EndGlobalSection
EndGlobal
