
Microsoft Visual Studio Solution File, Format Version 12.00
# Visual Studio Version 17
VisualStudioVersion = 17.1.32210.238
MinimumVisualStudioVersion = 10.0.40219.1
Project("{FAE04EC0-301F-11D3-BF4B-00C04F79EFBC}") = "001 - Intro - 1er proyecto C Sharp", "001 - Intro - 1er proyecto C Sharp\001 - Intro - 1er proyecto C Sharp.csproj", "{8A3F83D7-843C-4C7A-8064-776BAC52F454}"
EndProject
Global
	GlobalSection(SolutionConfigurationPlatforms) = preSolution
		Debug|Any CPU = Debug|Any CPU
		Release|Any CPU = Release|Any CPU
	EndGlobalSection
	GlobalSection(ProjectConfigurationPlatforms) = postSolution
		{8A3F83D7-843C-4C7A-8064-776BAC52F454}.Debug|Any CPU.ActiveCfg = Debug|Any CPU
		{8A3F83D7-843C-4C7A-8064-776BAC52F454}.Debug|Any CPU.Build.0 = Debug|Any CPU
		{8A3F83D7-843C-4C7A-8064-776BAC52F454}.Release|Any CPU.ActiveCfg = Release|Any CPU
		{8A3F83D7-843C-4C7A-8064-776BAC52F454}.Release|Any CPU.Build.0 = Release|Any CPU
	EndGlobalSection
	GlobalSection(SolutionProperties) = preSolution
		HideSolutionNode = FALSE
	EndGlobalSection
	GlobalSection(ExtensibilityGlobals) = postSolution
		SolutionGuid = {623B10B3-9DB2-42DC-9F6D-4659A4382FC5}
	EndGlobalSection
EndGlobal
