
Microsoft Visual Studio Solution File, Format Version 12.00
# Visual Studio Version 17
VisualStudioVersion = 17.1.32319.34
MinimumVisualStudioVersion = 10.0.40219.1
Project("{FAE04EC0-301F-11D3-BF4B-00C04F79EFBC}") = "10 - Estructura repetitiva for p1 e2", "10 - Estructura repetitiva for p1 e2\10 - Estructura repetitiva for p1 e2.csproj", "{F3CC76E7-866C-45B6-AB28-1EA16D61CECE}"
EndProject
Global
	GlobalSection(SolutionConfigurationPlatforms) = preSolution
		Debug|Any CPU = Debug|Any CPU
		Release|Any CPU = Release|Any CPU
	EndGlobalSection
	GlobalSection(ProjectConfigurationPlatforms) = postSolution
		{F3CC76E7-866C-45B6-AB28-1EA16D61CECE}.Debug|Any CPU.ActiveCfg = Debug|Any CPU
		{F3CC76E7-866C-45B6-AB28-1EA16D61CECE}.Debug|Any CPU.Build.0 = Debug|Any CPU
		{F3CC76E7-866C-45B6-AB28-1EA16D61CECE}.Release|Any CPU.ActiveCfg = Release|Any CPU
		{F3CC76E7-866C-45B6-AB28-1EA16D61CECE}.Release|Any CPU.Build.0 = Release|Any CPU
	EndGlobalSection
	GlobalSection(SolutionProperties) = preSolution
		HideSolutionNode = FALSE
	EndGlobalSection
	GlobalSection(ExtensibilityGlobals) = postSolution
		SolutionGuid = {B5315929-6E40-40D3-8530-C87356B00C09}
	EndGlobalSection
EndGlobal
