
Microsoft Visual Studio Solution File, Format Version 12.00
# Visual Studio Version 17
VisualStudioVersion = 17.0.32014.148
MinimumVisualStudioVersion = 10.0.40219.1
Project("{F184B08F-C81C-45F6-A57F-5ABD9991F28F}") = "12 Cadenas de caracteres - 002", "12 Cadenas de caracteres - 002\12 Cadenas de caracteres - 002.vbproj", "{F6263B1C-0461-4BF9-BDE2-1F1C63D95305}"
EndProject
Global
	GlobalSection(SolutionConfigurationPlatforms) = preSolution
		Debug|Any CPU = Debug|Any CPU
		Release|Any CPU = Release|Any CPU
	EndGlobalSection
	GlobalSection(ProjectConfigurationPlatforms) = postSolution
		{F6263B1C-0461-4BF9-BDE2-1F1C63D95305}.Debug|Any CPU.ActiveCfg = Debug|Any CPU
		{F6263B1C-0461-4BF9-BDE2-1F1C63D95305}.Debug|Any CPU.Build.0 = Debug|Any CPU
		{F6263B1C-0461-4BF9-BDE2-1F1C63D95305}.Release|Any CPU.ActiveCfg = Release|Any CPU
		{F6263B1C-0461-4BF9-BDE2-1F1C63D95305}.Release|Any CPU.Build.0 = Release|Any CPU
	EndGlobalSection
	GlobalSection(SolutionProperties) = preSolution
		HideSolutionNode = FALSE
	EndGlobalSection
	GlobalSection(ExtensibilityGlobals) = postSolution
		SolutionGuid = {88E7A245-CAFB-4D9A-815B-5B61CE4E32CE}
	EndGlobalSection
EndGlobal
