
Microsoft Visual Studio Solution File, Format Version 12.00
# Visual Studio Version 17
VisualStudioVersion = 17.1.32319.34
MinimumVisualStudioVersion = 10.0.40219.1
Project("{FAE04EC0-301F-11D3-BF4B-00C04F79EFBC}") = "07 - Estructuras condicionales anidadas p1", "07 - Estructuras condicionales anidadas p1\07 - Estructuras condicionales anidadas p1.csproj", "{1171AFA7-8FAE-4542-90B3-1FB4301BDCB4}"
EndProject
Global
	GlobalSection(SolutionConfigurationPlatforms) = preSolution
		Debug|Any CPU = Debug|Any CPU
		Release|Any CPU = Release|Any CPU
	EndGlobalSection
	GlobalSection(ProjectConfigurationPlatforms) = postSolution
		{1171AFA7-8FAE-4542-90B3-1FB4301BDCB4}.Debug|Any CPU.ActiveCfg = Debug|Any CPU
		{1171AFA7-8FAE-4542-90B3-1FB4301BDCB4}.Debug|Any CPU.Build.0 = Debug|Any CPU
		{1171AFA7-8FAE-4542-90B3-1FB4301BDCB4}.Release|Any CPU.ActiveCfg = Release|Any CPU
		{1171AFA7-8FAE-4542-90B3-1FB4301BDCB4}.Release|Any CPU.Build.0 = Release|Any CPU
	EndGlobalSection
	GlobalSection(SolutionProperties) = preSolution
		HideSolutionNode = FALSE
	EndGlobalSection
	GlobalSection(ExtensibilityGlobals) = postSolution
		SolutionGuid = {4E755A0B-5139-4C23-A072-C0FC832080D8}
	EndGlobalSection
EndGlobal
