
Microsoft Visual Studio Solution File, Format Version 12.00
# Visual Studio Version 17
VisualStudioVersion = 17.1.32319.34
MinimumVisualStudioVersion = 10.0.40219.1
Project("{FAE04EC0-301F-11D3-BF4B-00C04F79EFBC}") = "09 - Estructura repetitiva while p1 e4", "09 - Estructura repetitiva while p1 e4\09 - Estructura repetitiva while p1 e4.csproj", "{EF433189-0E5D-41EE-B78D-4C62358497A5}"
EndProject
Global
	GlobalSection(SolutionConfigurationPlatforms) = preSolution
		Debug|Any CPU = Debug|Any CPU
		Release|Any CPU = Release|Any CPU
	EndGlobalSection
	GlobalSection(ProjectConfigurationPlatforms) = postSolution
		{EF433189-0E5D-41EE-B78D-4C62358497A5}.Debug|Any CPU.ActiveCfg = Debug|Any CPU
		{EF433189-0E5D-41EE-B78D-4C62358497A5}.Debug|Any CPU.Build.0 = Debug|Any CPU
		{EF433189-0E5D-41EE-B78D-4C62358497A5}.Release|Any CPU.ActiveCfg = Release|Any CPU
		{EF433189-0E5D-41EE-B78D-4C62358497A5}.Release|Any CPU.Build.0 = Release|Any CPU
	EndGlobalSection
	GlobalSection(SolutionProperties) = preSolution
		HideSolutionNode = FALSE
	EndGlobalSection
	GlobalSection(ExtensibilityGlobals) = postSolution
		SolutionGuid = {966BFA2D-1997-4BC5-BA86-A5667B40A744}
	EndGlobalSection
EndGlobal
