
Microsoft Visual Studio Solution File, Format Version 12.00
# Visual Studio Version 17
VisualStudioVersion = 17.1.32319.34
MinimumVisualStudioVersion = 10.0.40219.1
Project("{FAE04EC0-301F-11D3-BF4B-00C04F79EFBC}") = "09 - Estructura repetitiva while p1 e2", "09 - Estructura repetitiva while p1 e2\09 - Estructura repetitiva while p1 e2.csproj", "{C00DACF7-F446-4A99-9E07-8F89051CD8CD}"
EndProject
Global
	GlobalSection(SolutionConfigurationPlatforms) = preSolution
		Debug|Any CPU = Debug|Any CPU
		Release|Any CPU = Release|Any CPU
	EndGlobalSection
	GlobalSection(ProjectConfigurationPlatforms) = postSolution
		{C00DACF7-F446-4A99-9E07-8F89051CD8CD}.Debug|Any CPU.ActiveCfg = Debug|Any CPU
		{C00DACF7-F446-4A99-9E07-8F89051CD8CD}.Debug|Any CPU.Build.0 = Debug|Any CPU
		{C00DACF7-F446-4A99-9E07-8F89051CD8CD}.Release|Any CPU.ActiveCfg = Release|Any CPU
		{C00DACF7-F446-4A99-9E07-8F89051CD8CD}.Release|Any CPU.Build.0 = Release|Any CPU
	EndGlobalSection
	GlobalSection(SolutionProperties) = preSolution
		HideSolutionNode = FALSE
	EndGlobalSection
	GlobalSection(ExtensibilityGlobals) = postSolution
		SolutionGuid = {B7E4CF43-177C-433C-98E9-DC2DCC894834}
	EndGlobalSection
EndGlobal
