
Microsoft Visual Studio Solution File, Format Version 12.00
# Visual Studio Version 17
VisualStudioVersion = 17.1.32319.34
MinimumVisualStudioVersion = 10.0.40219.1
Project("{FAE04EC0-301F-11D3-BF4B-00C04F79EFBC}") = "11 - Estructura repetitiva do while p1 e2", "11 - Estructura repetitiva do while p1 e2\11 - Estructura repetitiva do while p1 e2.csproj", "{296FE2B3-F575-4642-BD02-3CFEB819CE1B}"
EndProject
Global
	GlobalSection(SolutionConfigurationPlatforms) = preSolution
		Debug|Any CPU = Debug|Any CPU
		Release|Any CPU = Release|Any CPU
	EndGlobalSection
	GlobalSection(ProjectConfigurationPlatforms) = postSolution
		{296FE2B3-F575-4642-BD02-3CFEB819CE1B}.Debug|Any CPU.ActiveCfg = Debug|Any CPU
		{296FE2B3-F575-4642-BD02-3CFEB819CE1B}.Debug|Any CPU.Build.0 = Debug|Any CPU
		{296FE2B3-F575-4642-BD02-3CFEB819CE1B}.Release|Any CPU.ActiveCfg = Release|Any CPU
		{296FE2B3-F575-4642-BD02-3CFEB819CE1B}.Release|Any CPU.Build.0 = Release|Any CPU
	EndGlobalSection
	GlobalSection(SolutionProperties) = preSolution
		HideSolutionNode = FALSE
	EndGlobalSection
	GlobalSection(ExtensibilityGlobals) = postSolution
		SolutionGuid = {D96C79F5-68F1-4017-B403-16957EBB4737}
	EndGlobalSection
EndGlobal
